
Microsoft Visual Studio Solution File, Format Version 12.00
# Visual Studio Version 17
VisualStudioVersion = 17.9.34728.123
MinimumVisualStudioVersion = 10.0.40219.1
Project("{FAE04EC0-301F-11D3-BF4B-00C04F79EFBC}") = "WebCompBot", "WebCompBot.csproj", "{61697AD1-3108-4907-A670-DE6E71E295AC}"
EndProject
Global
	GlobalSection(SolutionConfigurationPlatforms) = preSolution
		Debug|Any CPU = Debug|Any CPU
		Release|Any CPU = Release|Any CPU
	EndGlobalSection
	GlobalSection(ProjectConfigurationPlatforms) = postSolution
		{61697AD1-3108-4907-A670-DE6E71E295AC}.Debug|Any CPU.ActiveCfg = Debug|Any CPU
		{61697AD1-3108-4907-A670-DE6E71E295AC}.Debug|Any CPU.Build.0 = Debug|Any CPU
		{61697AD1-3108-4907-A670-DE6E71E295AC}.Release|Any CPU.ActiveCfg = Release|Any CPU
		{61697AD1-3108-4907-A670-DE6E71E295AC}.Release|Any CPU.Build.0 = Release|Any CPU
	EndGlobalSection
	GlobalSection(SolutionProperties) = preSolution
		HideSolutionNode = FALSE
	EndGlobalSection
	GlobalSection(ExtensibilityGlobals) = postSolution
		SolutionGuid = {69967DA3-D267-4E7F-836F-377DA9A5F4C6}
	EndGlobalSection
EndGlobal
